{
  "name": "mp4cat",
  "version": "0.1.0",
  "lockfileVersion": 3,
  "requires": true,
  "packages": {
    "": {
      "name": "mp4cat",
      "version": "0.1.0",
      "license": "MIT",
      "bin": {
        "mp4cat": "bin/mp4cat.mjs"
      },
      "engines": {
        "node": ">=20"
      }
    }
  }
}
